
Microsoft Visual Studio Solution File, Format Version 12.00
# Visual Studio Version 16
VisualStudioVersion = 16.0.30517.126
MinimumVisualStudioVersion = 10.0.40219.1
Project("{FAE04EC0-301F-11D3-BF4B-00C04F79EFBC}") = "Server", "Server\Server.csproj", "{1D41CF84-AAD8-4B15-8F95-6D3658FCADDB}"
EndProject
Project("{FAE04EC0-301F-11D3-BF4B-00C04F79EFBC}") = "Client", "Client\Client.csproj", "{2C4C44F6-8BA2-4169-9AD2-FA983997DB6A}"
EndProject
Global
	GlobalSection(SolutionConfigurationPlatforms) = preSolution
		Debug|Any CPU = Debug|Any CPU
		Release|Any CPU = Release|Any CPU
	EndGlobalSection
	GlobalSection(ProjectConfigurationPlatforms) = postSolution
		{1D41CF84-AAD8-4B15-8F95-6D3658FCADDB}.Debug|Any CPU.ActiveCfg = Debug|Any CPU
		{1D41CF84-AAD8-4B15-8F95-6D3658FCADDB}.Debug|Any CPU.Build.0 = Debug|Any CPU
		{1D41CF84-AAD8-4B15-8F95-6D3658FCADDB}.Release|Any CPU.ActiveCfg = Release|Any CPU
		{1D41CF84-AAD8-4B15-8F95-6D3658FCADDB}.Release|Any CPU.Build.0 = Release|Any CPU
		{2C4C44F6-8BA2-4169-9AD2-FA983997DB6A}.Debug|Any CPU.ActiveCfg = Debug|Any CPU
		{2C4C44F6-8BA2-4169-9AD2-FA983997DB6A}.Debug|Any CPU.Build.0 = Debug|Any CPU
		{2C4C44F6-8BA2-4169-9AD2-FA983997DB6A}.Release|Any CPU.ActiveCfg = Release|Any CPU
		{2C4C44F6-8BA2-4169-9AD2-FA983997DB6A}.Release|Any CPU.Build.0 = Release|Any CPU
	EndGlobalSection
	GlobalSection(SolutionProperties) = preSolution
		HideSolutionNode = FALSE
	EndGlobalSection
	GlobalSection(ExtensibilityGlobals) = postSolution
		SolutionGuid = {076A74D9-D8CF-445A-90CF-6450CA3C3851}
	EndGlobalSection
EndGlobal
